PODS:
  - AModules (0.1.0):
    - SPRoutable/Core
  - BModules (0.1.0):
    - SPRoutable/Core
  - RoutableAssist (0.2.1)
  - SPRoutable/Core (0.9.5.2):
    - RoutableAssist

DEPENDENCIES:
  - AModules (from `../`)
  - BModules (from `../`)
  - RoutableAssist (= 0.2.1)
  - SPRoutable/Core (from `../`)

SPEC REPOS:
  https://github.com/CocoaPods/Specs.git:
    - RoutableAssist

EXTERNAL SOURCES:
  AModules:
    :path: "../"
  BModules:
    :path: "../"
  SPRoutable:
    :path: "../"

SPEC CHECKSUMS:
  AModules: 9dd8c64f2ce38c762c2bc6ee21f55c3da68abde1
  BModules: 22c161b73eee8f9dcb3044b1578c6148359ef8c3
  RoutableAssist: 91c034a4da892a5f023c2fd891a90702ba0e6594
  SPRoutable: 01a7df763c6c5bd76e6fc29902f5e77d9eefa361

PODFILE CHECKSUM: f664260fbaee9ae1f3daf9a00a493e2735841398

COCOAPODS: 1.5.0
