PODS:
  - AModules (0.1.0):
    - SPRoutable
  - AnyFormatProtocol (0.4.0)
  - BLFoundation (0.4.2):
    - BLFoundation/Data (= 0.4.2)
    - BLFoundation/Date (= 0.4.2)
    - BLFoundation/Number (= 0.4.2)
    - BLFoundation/String (= 0.4.2)
    - BLFoundation/Tools (= 0.4.2)
    - BLFoundation/URL (= 0.4.2)
  - BLFoundation/Data (0.4.2)
  - BLFoundation/Date (0.4.2)
  - BLFoundation/Number (0.4.2)
  - BLFoundation/String (0.4.2)
  - BLFoundation/Tools (0.4.2)
  - BLFoundation/URL (0.4.2)
  - BModules (0.1.0):
    - SPRoutable
  - SPKit (0.1.5):
    - BLFoundation
  - SPRoutable (0.9.4):
    - AnyFormatProtocol

DEPENDENCIES:
  - AModules (from `../`)
  - BLFoundation
  - BModules (from `../`)
  - SPKit
  - SPRoutable (from `../`)

SPEC REPOS:
  https://github.com/CocoaPods/Specs.git:
    - AnyFormatProtocol
    - BLFoundation
    - SPKit

EXTERNAL SOURCES:
  AModules:
    :path: "../"
  BModules:
    :path: "../"
  SPRoutable:
    :path: "../"

SPEC CHECKSUMS:
  AModules: 092550c929dafc740296d6dc929b644302c684e3
  AnyFormatProtocol: 4df38a96d761a43343616747e4aa744c35bf5e52
  BLFoundation: 8cb533705aaeb73d4f2df1f87108788dab1b14f7
  BModules: 73a1c80e4735f06d8755263f704738cdc889ea36
  SPKit: 3311e1d40b6d7cbebdc15af23d653ed197ec6af8
  SPRoutable: 2d305a2c9bc37d8b4176a4e2cc1907ce83b1105c

PODFILE CHECKSUM: bab2f97cd0e76336fdc95ba982affc7365c8f557

COCOAPODS: 1.5.0.beta.1
