PODS:
  - AModules (0.1.0)
  - BModules (0.1.0)
  - SPRoutable (0.4.0)

DEPENDENCIES:
  - AModules (from `../`)
  - BModules (from `../`)
  - SPRoutable (from `../`)

EXTERNAL SOURCES:
  AModules:
    :path: ../
  BModules:
    :path: ../
  SPRoutable:
    :path: ../

SPEC CHECKSUMS:
  AModules: 5cf45ad589d1bd6196ab076bc52f22854d1c634f
  BModules: 5875065d675502d35845d88c79209b38cbf8feed
  SPRoutable: ecb3abbab15463d864206f9bd381d4cf5d9233f5

PODFILE CHECKSUM: 499d0871725de775b0673c704de34733f0ab57ab

COCOAPODS: 1.3.1
